
Microsoft Visual Studio Solution File, Format Version 12.00
# Visual Studio Version 17
VisualStudioVersion = 17.10.35013.160
MinimumVisualStudioVersion = 10.0.40219.1
Project("{FAE04EC0-301F-11D3-BF4B-00C04F79EFBC}") = "purchaseBot", "purchaseBot\purchaseBot.csproj", "{9A85A99D-ABEB-494C-98C4-95D5FD7B088F}"
EndProject
Global
	GlobalSection(SolutionConfigurationPlatforms) = preSolution
		Debug|Any CPU = Debug|Any CPU
		Release|Any CPU = Release|Any CPU
	EndGlobalSection
	GlobalSection(ProjectConfigurationPlatforms) = postSolution
		{9A85A99D-ABEB-494C-98C4-95D5FD7B088F}.Debug|Any CPU.ActiveCfg = Debug|Any CPU
		{9A85A99D-ABEB-494C-98C4-95D5FD7B088F}.Debug|Any CPU.Build.0 = Debug|Any CPU
		{9A85A99D-ABEB-494C-98C4-95D5FD7B088F}.Release|Any CPU.ActiveCfg = Release|Any CPU
		{9A85A99D-ABEB-494C-98C4-95D5FD7B088F}.Release|Any CPU.Build.0 = Release|Any CPU
	EndGlobalSection
	GlobalSection(SolutionProperties) = preSolution
		HideSolutionNode = FALSE
	EndGlobalSection
	GlobalSection(ExtensibilityGlobals) = postSolution
		SolutionGuid = {3B41C785-CE61-4E26-A5F5-4A258EA00715}
	EndGlobalSection
EndGlobal
